
Microsoft Visual Studio Solution File, Format Version 12.00
# Visual Studio Version 17
VisualStudioVersion = 17.4.33213.308
MinimumVisualStudioVersion = 10.0.40219.1
Project("{FAE04EC0-301F-11D3-BF4B-00C04F79EFBC}") = "67RoleBaseSecurity", "67RoleBaseSecurity.csproj", "{3F4ADD71-A625-4BB8-9C7A-88EE63835DA1}"
EndProject
Global
	GlobalSection(SolutionConfigurationPlatforms) = preSolution
		Debug|Any CPU = Debug|Any CPU
		Release|Any CPU = Release|Any CPU
	EndGlobalSection
	GlobalSection(ProjectConfigurationPlatforms) = postSolution
		{3F4ADD71-A625-4BB8-9C7A-88EE63835DA1}.Debug|Any CPU.ActiveCfg = Debug|Any CPU
		{3F4ADD71-A625-4BB8-9C7A-88EE63835DA1}.Debug|Any CPU.Build.0 = Debug|Any CPU
		{3F4ADD71-A625-4BB8-9C7A-88EE63835DA1}.Release|Any CPU.ActiveCfg = Release|Any CPU
		{3F4ADD71-A625-4BB8-9C7A-88EE63835DA1}.Release|Any CPU.Build.0 = Release|Any CPU
	EndGlobalSection
	GlobalSection(SolutionProperties) = preSolution
		HideSolutionNode = FALSE
	EndGlobalSection
	GlobalSection(ExtensibilityGlobals) = postSolution
		SolutionGuid = {BB0E5EE9-D1FE-4D0B-B806-7E7DCF9FCFD8}
	EndGlobalSection
EndGlobal
